// !$*UTF8*$!
{
	archiveVersion = 1;
	classes = {
	};
	objectVersion = 50;
	objects = {

/* Begin PBXBuildFile section */
		E2ADC20821C698AE00719490 /* AppDelegate.swift in Sources */ = {isa = PBXBuildFile; fileRef = E2ADC20721C698AE00719490 /* AppDelegate.swift */; };
		E2ADC20F21C698AF00719490 /* Assets.xcassets in Resources */ = {isa = PBXBuildFile; fileRef = E2ADC20E21C698AF00719490 /* Assets.xcassets */; };
		E2ADC21221C698AF00719490 /* LaunchScreen.storyboard in Resources */ = {isa = PBXBuildFile; fileRef = E2ADC21021C698AF00719490 /* LaunchScreen.storyboard */; };
		E2ADC22821C698AF00719490 /* InstaMoviesUITests.swift in Sources */ = {isa = PBXBuildFile; fileRef = E2ADC22721C698AF00719490 /* InstaMoviesUITests.swift */; };
		E2ADC26221C6994C00719490 /* ServerPaths.swift in Sources */ = {isa = PBXBuildFile; fileRef = E2ADC25D21C6994C00719490 /* ServerPaths.swift */; };
		E2ADC26321C6994C00719490 /* URLRequestBuilder.swift in Sources */ = {isa = PBXBuildFile; fileRef = E2ADC25E21C6994C00719490 /* URLRequestBuilder.swift */; };
		E2ADC26421C6994C00719490 /* RequestHandler.swift in Sources */ = {isa = PBXBuildFile; fileRef = E2ADC26021C6994C00719490 /* RequestHandler.swift */; };
		E2ADC26921C6999A00719490 /* APIErrors.swift in Sources */ = {isa = PBXBuildFile; fileRef = E2ADC26521C6999900719490 /* APIErrors.swift */; };
		E2ADC26A21C6999A00719490 /* ResponseHandler.swift in Sources */ = {isa = PBXBuildFile; fileRef = E2ADC26621C6999900719490 /* ResponseHandler.swift */; };
		E2ADC26B21C6999A00719490 /* ServerResponse.swift in Sources */ = {isa = PBXBuildFile; fileRef = E2ADC26721C6999A00719490 /* ServerResponse.swift */; };
		E2ADC26C21C6999A00719490 /* CodableInit.swift in Sources */ = {isa = PBXBuildFile; fileRef = E2ADC26821C6999A00719490 /* CodableInit.swift */; };
		E2ADC27521C69C0200719490 /* Codable+Helpers.swift in Sources */ = {isa = PBXBuildFile; fileRef = E2ADC27421C69C0200719490 /* Codable+Helpers.swift */; };
		E2ADC27821C69C8500719490 /* MoviesDiscoveryResponse.swift in Sources */ = {isa = PBXBuildFile; fileRef = E2ADC27721C69C8500719490 /* MoviesDiscoveryResponse.swift */; };
		E2ADC27E21C69DF000719490 /* MainTabBarController.swift in Sources */ = {isa = PBXBuildFile; fileRef = E2ADC27D21C69DF000719490 /* MainTabBarController.swift */; };
		E2ADC28121C69E5300719490 /* ReusableView.swift in Sources */ = {isa = PBXBuildFile; fileRef = E2ADC28021C69E5300719490 /* ReusableView.swift */; };
		E2ADC28321C69F1F00719490 /* NibNameProtocol.swift in Sources */ = {isa = PBXBuildFile; fileRef = E2ADC28221C69F1F00719490 /* NibNameProtocol.swift */; };
		E2ADC28521C69F8C00719490 /* MainTabBarIcons.xcassets in Resources */ = {isa = PBXBuildFile; fileRef = E2ADC28421C69F8C00719490 /* MainTabBarIcons.xcassets */; };
		E2ADC28921C6A24200719490 /* DiscoverViewController.swift in Sources */ = {isa = PBXBuildFile; fileRef = E2ADC28721C6A24200719490 /* DiscoverViewController.swift */; };
		E2ADC28A21C6A24200719490 /* DiscoverViewController.xib in Resources */ = {isa = PBXBuildFile; fileRef = E2ADC28821C6A24200719490 /* DiscoverViewController.xib */; };
		E2ADC28E21C6A32100719490 /* Router Protocol.swift in Sources */ = {isa = PBXBuildFile; fileRef = E2ADC28D21C6A32100719490 /* Router Protocol.swift */; };
		E2ADC29621C6A58700719490 /* Router.swift in Sources */ = {isa = PBXBuildFile; fileRef = E2ADC29521C6A58700719490 /* Router.swift */; };
		E2ADC29A21C6A9B400719490 /* BaseViewController.swift in Sources */ = {isa = PBXBuildFile; fileRef = E2ADC29921C6A9B400719490 /* BaseViewController.swift */; };
		E2ADC2A121C6AAFC00719490 /* BaseService.swift in Sources */ = {isa = PBXBuildFile; fileRef = E2ADC2A021C6AAFC00719490 /* BaseService.swift */; };
		E2ADC2AD21C6B74500719490 /* BaseValidator.swift in Sources */ = {isa = PBXBuildFile; fileRef = E2ADC2AC21C6B74500719490 /* BaseValidator.swift */; };
		E2ADC2B021C6B85400719490 /* ReachabilityValidator.swift in Sources */ = {isa = PBXBuildFile; fileRef = E2ADC2AF21C6B85400719490 /* ReachabilityValidator.swift */; };
		E2ADC2B221C6B92F00719490 /* Reachability.swift in Sources */ = {isa = PBXBuildFile; fileRef = E2ADC2B121C6B92F00719490 /* Reachability.swift */; };
		E2ADC2B421C6BA4F00719490 /* ValidationErrors.swift in Sources */ = {isa = PBXBuildFile; fileRef = E2ADC2B321C6BA4F00719490 /* ValidationErrors.swift */; };
		E2ADC2B621C6C20000719490 /* DiscoverService.swift in Sources */ = {isa = PBXBuildFile; fileRef = E2ADC2B521C6C20000719490 /* DiscoverService.swift */; };
		E2ADC2B921C6C63600719490 /* Keys.swift in Sources */ = {isa = PBXBuildFile; fileRef = E2ADC2B821C6C63600719490 /* Keys.swift */; };
		E2D7662F21C86E2B001E8177 /* UIView+UIActivityIndicator.swift in Sources */ = {isa = PBXBuildFile; fileRef = E2D7662E21C86E2B001E8177 /* UIView+UIActivityIndicator.swift */; };
		E2D7663421C871C2001E8177 /* MovieCell.swift in Sources */ = {isa = PBXBuildFile; fileRef = E2D7663221C871C2001E8177 /* MovieCell.swift */; };
		E2D7663521C871C2001E8177 /* MovieCell.xib in Resources */ = {isa = PBXBuildFile; fileRef = E2D7663321C871C2001E8177 /* MovieCell.xib */; };
		E2D7663921C87B6D001E8177 /* UIView.swift in Sources */ = {isa = PBXBuildFile; fileRef = E2D7663821C87B6D001E8177 /* UIView.swift */; };
		E2D7663B21C91D3E001E8177 /* BaseViewModel.swift in Sources */ = {isa = PBXBuildFile; fileRef = E2D7663A21C91D3E001E8177 /* BaseViewModel.swift */; };
		E2D7663D21C91D58001E8177 /* BaseInteractor.swift in Sources */ = {isa = PBXBuildFile; fileRef = E2D7663C21C91D58001E8177 /* BaseInteractor.swift */; };
		E2D7663F21C91EF2001E8177 /* DiscoverViewModel.swift in Sources */ = {isa = PBXBuildFile; fileRef = E2D7663E21C91EF2001E8177 /* DiscoverViewModel.swift */; };
		E2D7664121C91EFD001E8177 /* DiscoverInteractor.swift in Sources */ = {isa = PBXBuildFile; fileRef = E2D7664021C91EFD001E8177 /* DiscoverInteractor.swift */; };
		E2D7664321C923DA001E8177 /* Dynamic.swift in Sources */ = {isa = PBXBuildFile; fileRef = E2D7664221C923DA001E8177 /* Dynamic.swift */; };
		E2D7664921C95DAE001E8177 /* AddNewMovieViewModel.swift in Sources */ = {isa = PBXBuildFile; fileRef = E2D7664821C95DAE001E8177 /* AddNewMovieViewModel.swift */; };
		E2D7664B21C95DBE001E8177 /* AddNewMovieInteractor.swift in Sources */ = {isa = PBXBuildFile; fileRef = E2D7664A21C95DBE001E8177 /* AddNewMovieInteractor.swift */; };
		E2D7665121C9631F001E8177 /* RoundedTextView.swift in Sources */ = {isa = PBXBuildFile; fileRef = E2D7665021C9631F001E8177 /* RoundedTextView.swift */; };
		E2D7665421C96ACC001E8177 /* AddNewMovieViewController.swift in Sources */ = {isa = PBXBuildFile; fileRef = E2D7665221C96ACC001E8177 /* AddNewMovieViewController.swift */; };
		E2D7665521C96ACC001E8177 /* AddNewMovieViewController.xib in Resources */ = {isa = PBXBuildFile; fileRef = E2D7665321C96ACC001E8177 /* AddNewMovieViewController.xib */; };
		E2D7665821C97978001E8177 /* EmptyValueValidator.swift in Sources */ = {isa = PBXBuildFile; fileRef = E2D7665721C97978001E8177 /* EmptyValueValidator.swift */; };
		E2D7665A21C98DDE001E8177 /* KeyboardLayoutConstraint.swift in Sources */ = {isa = PBXBuildFile; fileRef = E2D7665921C98DDE001E8177 /* KeyboardLayoutConstraint.swift */; };
		E2DE9DFE21CA205A00610E7D /* BaseModuleTest.swift in Sources */ = {isa = PBXBuildFile; fileRef = E2DE9DFD21CA205900610E7D /* BaseModuleTest.swift */; };
		E2DE9E0221CA44EE00610E7D /* RouterMock.swift in Sources */ = {isa = PBXBuildFile; fileRef = E2DE9E0121CA44EE00610E7D /* RouterMock.swift */; };
		E2DE9E0421CA45DE00610E7D /* DiscoverModuleTest.swift in Sources */ = {isa = PBXBuildFile; fileRef = E2DE9E0321CA45DE00610E7D /* DiscoverModuleTest.swift */; };
		E2DE9E0E21CAB82200610E7D /* AddNewMovieModuleTest.swift in Sources */ = {isa = PBXBuildFile; fileRef = E2DE9E0D21CAB82200610E7D /* AddNewMovieModuleTest.swift */; };
		E2DE9E1221CB04FB00610E7D /* ImagesManager.swift in Sources */ = {isa = PBXBuildFile; fileRef = E2DE9E1121CB04FB00610E7D /* ImagesManager.swift */; };
/* End PBXBuildFile section */

/* Begin PBXContainerItemProxy section */
		E2ADC21921C698AF00719490 /* PBXContainerItemProxy */ = {
			isa = PBXContainerItemProxy;
			containerPortal = E2ADC1FC21C698AE00719490 /* Project object */;
			proxyType = 1;
			remoteGlobalIDString = E2ADC20321C698AE00719490;
			remoteInfo = InstaMovies;
		};
		E2ADC22421C698AF00719490 /* PBXContainerItemProxy */ = {
			isa = PBXContainerItemProxy;
			containerPortal = E2ADC1FC21C698AE00719490 /* Project object */;
			proxyType = 1;
			remoteGlobalIDString = E2ADC20321C698AE00719490;
			remoteInfo = InstaMovies;
		};
/* End PBXContainerItemProxy section */

/* Begin PBXFileReference section */
		E2ADC20421C698AE00719490 /* InstaMovies.app */ = {isa = PBXFileReference; explicitFileType = wrapper.application; includeInIndex = 0; path = InstaMovies.app; sourceTree = BUILT_PRODUCTS_DIR; };
		E2ADC20721C698AE00719490 /* AppDelegate.swift */ = {isa = PBXFileReference; lastKnownFileType = sourcecode.swift; path = AppDelegate.swift; sourceTree = "<group>"; };
		E2ADC20E21C698AF00719490 /* Assets.xcassets */ = {isa = PBXFileReference; lastKnownFileType = folder.assetcatalog; path = Assets.xcassets; sourceTree = "<group>"; };
		E2ADC21121C698AF00719490 /* Base */ = {isa = PBXFileReference; lastKnownFileType = file.storyboard; name = Base; path = Base.lproj/LaunchScreen.storyboard; sourceTree = "<group>"; };
		E2ADC21321C698AF00719490 /* Info.plist */ = {isa = PBXFileReference; lastKnownFileType = text.plist.xml; path = Info.plist; sourceTree = "<group>"; };
		E2ADC21821C698AF00719490 /* InstaMoviesTests.xctest */ = {isa = PBXFileReference; explicitFileType = wrapper.cfbundle; includeInIndex = 0; path = InstaMoviesTests.xctest; sourceTree = BUILT_PRODUCTS_DIR; };
		E2ADC21E21C698AF00719490 /* Info.plist */ = {isa = PBXFileReference; lastKnownFileType = text.plist.xml; path = Info.plist; sourceTree = "<group>"; };
		E2ADC22321C698AF00719490 /* InstaMoviesUITests.xctest */ = {isa = PBXFileReference; explicitFileType = wrapper.cfbundle; includeInIndex = 0; path = InstaMoviesUITests.xctest; sourceTree = BUILT_PRODUCTS_DIR; };
		E2ADC22721C698AF00719490 /* InstaMoviesUITests.swift */ = {isa = PBXFileReference; lastKnownFileType = sourcecode.swift; path = InstaMoviesUITests.swift; sourceTree = "<group>"; };
		E2ADC22921C698AF00719490 /* Info.plist */ = {isa = PBXFileReference; lastKnownFileType = text.plist.xml; path = Info.plist; sourceTree = "<group>"; };
		E2ADC25D21C6994C00719490 /* ServerPaths.swift */ = {isa = PBXFileReference; fileEncoding = 4; lastKnownFileType = sourcecode.swift; path = ServerPaths.swift; sourceTree = "<group>"; };
		E2ADC25E21C6994C00719490 /* URLRequestBuilder.swift */ = {isa = PBXFileReference; fileEncoding = 4; lastKnownFileType = sourcecode.swift; path = URLRequestBuilder.swift; sourceTree = "<group>"; };
		E2ADC26021C6994C00719490 /* RequestHandler.swift */ = {isa = PBXFileReference; fileEncoding = 4; lastKnownFileType = sourcecode.swift; path = RequestHandler.swift; sourceTree = "<group>"; };
		E2ADC26521C6999900719490 /* APIErrors.swift */ = {isa = PBXFileReference; fileEncoding = 4; lastKnownFileType = sourcecode.swift; path = APIErrors.swift; sourceTree = "<group>"; };
		E2ADC26621C6999900719490 /* ResponseHandler.swift */ = {isa = PBXFileReference; fileEncoding = 4; lastKnownFileType = sourcecode.swift; path = ResponseHandler.swift; sourceTree = "<group>"; };
		E2ADC26721C6999A00719490 /* ServerResponse.swift */ = {isa = PBXFileReference; fileEncoding = 4; lastKnownFileType = sourcecode.swift; path = ServerResponse.swift; sourceTree = "<group>"; };
		E2ADC26821C6999A00719490 /* CodableInit.swift */ = {isa = PBXFileReference; fileEncoding = 4; lastKnownFileType = sourcecode.swift; path = CodableInit.swift; sourceTree = "<group>"; };
		E2ADC27421C69C0200719490 /* Codable+Helpers.swift */ = {isa = PBXFileReference; lastKnownFileType = sourcecode.swift; path = "Codable+Helpers.swift"; sourceTree = "<group>"; };
		E2ADC27721C69C8500719490 /* MoviesDiscoveryResponse.swift */ = {isa = PBXFileReference; lastKnownFileType = sourcecode.swift; path = MoviesDiscoveryResponse.swift; sourceTree = "<group>"; };
		E2ADC27D21C69DF000719490 /* MainTabBarController.swift */ = {isa = PBXFileReference; lastKnownFileType = sourcecode.swift; path = MainTabBarController.swift; sourceTree = "<group>"; };
		E2ADC28021C69E5300719490 /* ReusableView.swift */ = {isa = PBXFileReference; lastKnownFileType = sourcecode.swift; path = ReusableView.swift; sourceTree = "<group>"; };
		E2ADC28221C69F1F00719490 /* NibNameProtocol.swift */ = {isa = PBXFileReference; lastKnownFileType = sourcecode.swift; path = NibNameProtocol.swift; sourceTree = "<group>"; };
		E2ADC28421C69F8C00719490 /* MainTabBarIcons.xcassets */ = {isa = PBXFileReference; lastKnownFileType = folder.assetcatalog; path = MainTabBarIcons.xcassets; sourceTree = "<group>"; };
		E2ADC28721C6A24200719490 /* DiscoverViewController.swift */ = {isa = PBXFileReference; lastKnownFileType = sourcecode.swift; path = DiscoverViewController.swift; sourceTree = "<group>"; };
		E2ADC28821C6A24200719490 /* DiscoverViewController.xib */ = {isa = PBXFileReference; lastKnownFileType = file.xib; path = DiscoverViewController.xib; sourceTree = "<group>"; };
		E2ADC28D21C6A32100719490 /* Router Protocol.swift */ = {isa = PBXFileReference; lastKnownFileType = sourcecode.swift; path = "Router Protocol.swift"; sourceTree = "<group>"; };
		E2ADC29521C6A58700719490 /* Router.swift */ = {isa = PBXFileReference; lastKnownFileType = sourcecode.swift; path = Router.swift; sourceTree = "<group>"; };
		E2ADC29921C6A9B400719490 /* BaseViewController.swift */ = {isa = PBXFileReference; lastKnownFileType = sourcecode.swift; path = BaseViewController.swift; sourceTree = "<group>"; };
		E2ADC2A021C6AAFC00719490 /* BaseService.swift */ = {isa = PBXFileReference; lastKnownFileType = sourcecode.swift; path = BaseService.swift; sourceTree = "<group>"; };
		E2ADC2AC21C6B74500719490 /* BaseValidator.swift */ = {isa = PBXFileReference; lastKnownFileType = sourcecode.swift; path = BaseValidator.swift; sourceTree = "<group>"; };
		E2ADC2AF21C6B85400719490 /* ReachabilityValidator.swift */ = {isa = PBXFileReference; lastKnownFileType = sourcecode.swift; path = ReachabilityValidator.swift; sourceTree = "<group>"; };
		E2ADC2B121C6B92F00719490 /* Reachability.swift */ = {isa = PBXFileReference; lastKnownFileType = sourcecode.swift; path = Reachability.swift; sourceTree = "<group>"; };
		E2ADC2B321C6BA4F00719490 /* ValidationErrors.swift */ = {isa = PBXFileReference; lastKnownFileType = sourcecode.swift; path = ValidationErrors.swift; sourceTree = "<group>"; };
		E2ADC2B521C6C20000719490 /* DiscoverService.swift */ = {isa = PBXFileReference; lastKnownFileType = sourcecode.swift; path = DiscoverService.swift; sourceTree = "<group>"; };
		E2ADC2B821C6C63600719490 /* Keys.swift */ = {isa = PBXFileReference; lastKnownFileType = sourcecode.swift; path = Keys.swift; sourceTree = "<group>"; };
		E2D7662E21C86E2B001E8177 /* UIView+UIActivityIndicator.swift */ = {isa = PBXFileReference; lastKnownFileType = sourcecode.swift; path = "UIView+UIActivityIndicator.swift"; sourceTree = "<group>"; };
		E2D7663221C871C2001E8177 /* MovieCell.swift */ = {isa = PBXFileReference; lastKnownFileType = sourcecode.swift; path = MovieCell.swift; sourceTree = "<group>"; };
		E2D7663321C871C2001E8177 /* MovieCell.xib */ = {isa = PBXFileReference; lastKnownFileType = file.xib; path = MovieCell.xib; sourceTree = "<group>"; };
		E2D7663821C87B6D001E8177 /* UIView.swift */ = {isa = PBXFileReference; lastKnownFileType = sourcecode.swift; path = UIView.swift; sourceTree = "<group>"; };
		E2D7663A21C91D3E001E8177 /* BaseViewModel.swift */ = {isa = PBXFileReference; lastKnownFileType = sourcecode.swift; path = BaseViewModel.swift; sourceTree = "<group>"; };
		E2D7663C21C91D58001E8177 /* BaseInteractor.swift */ = {isa = PBXFileReference; lastKnownFileType = sourcecode.swift; path = BaseInteractor.swift; sourceTree = "<group>"; };
		E2D7663E21C91EF2001E8177 /* DiscoverViewModel.swift */ = {isa = PBXFileReference; lastKnownFileType = sourcecode.swift; path = DiscoverViewModel.swift; sourceTree = "<group>"; };
		E2D7664021C91EFD001E8177 /* DiscoverInteractor.swift */ = {isa = PBXFileReference; lastKnownFileType = sourcecode.swift; path = DiscoverInteractor.swift; sourceTree = "<group>"; };
		E2D7664221C923DA001E8177 /* Dynamic.swift */ = {isa = PBXFileReference; lastKnownFileType = sourcecode.swift; path = Dynamic.swift; sourceTree = "<group>"; };
		E2D7664821C95DAE001E8177 /* AddNewMovieViewModel.swift */ = {isa = PBXFileReference; lastKnownFileType = sourcecode.swift; path = AddNewMovieViewModel.swift; sourceTree = "<group>"; };
		E2D7664A21C95DBE001E8177 /* AddNewMovieInteractor.swift */ = {isa = PBXFileReference; lastKnownFileType = sourcecode.swift; path = AddNewMovieInteractor.swift; sourceTree = "<group>"; };
		E2D7665021C9631F001E8177 /* RoundedTextView.swift */ = {isa = PBXFileReference; lastKnownFileType = sourcecode.swift; path = RoundedTextView.swift; sourceTree = "<group>"; };
		E2D7665221C96ACC001E8177 /* AddNewMovieViewController.swift */ = {isa = PBXFileReference; lastKnownFileType = sourcecode.swift; path = AddNewMovieViewController.swift; sourceTree = "<group>"; };
		E2D7665321C96ACC001E8177 /* AddNewMovieViewController.xib */ = {isa = PBXFileReference; lastKnownFileType = file.xib; path = AddNewMovieViewController.xib; sourceTree = "<group>"; };
		E2D7665721C97978001E8177 /* EmptyValueValidator.swift */ = {isa = PBXFileReference; lastKnownFileType = sourcecode.swift; path = EmptyValueValidator.swift; sourceTree = "<group>"; };
		E2D7665921C98DDE001E8177 /* KeyboardLayoutConstraint.swift */ = {isa = PBXFileReference; fileEncoding = 4; lastKnownFileType = sourcecode.swift; path = KeyboardLayoutConstraint.swift; sourceTree = "<group>"; };
		E2DE9DFD21CA205900610E7D /* BaseModuleTest.swift */ = {isa = PBXFileReference; lastKnownFileType = sourcecode.swift; path = BaseModuleTest.swift; sourceTree = "<group>"; };
		E2DE9E0121CA44EE00610E7D /* RouterMock.swift */ = {isa = PBXFileReference; lastKnownFileType = sourcecode.swift; path = RouterMock.swift; sourceTree = "<group>"; };
		E2DE9E0321CA45DE00610E7D /* DiscoverModuleTest.swift */ = {isa = PBXFileReference; lastKnownFileType = sourcecode.swift; path = DiscoverModuleTest.swift; sourceTree = "<group>"; };
		E2DE9E0D21CAB82200610E7D /* AddNewMovieModuleTest.swift */ = {isa = PBXFileReference; lastKnownFileType = sourcecode.swift; path = AddNewMovieModuleTest.swift; sourceTree = "<group>"; };
		E2DE9E1121CB04FB00610E7D /* ImagesManager.swift */ = {isa = PBXFileReference; lastKnownFileType = sourcecode.swift; path = ImagesManager.swift; sourceTree = "<group>"; };
/* End PBXFileReference section */

/* Begin PBXFrameworksBuildPhase section */
		E2ADC20121C698AE00719490 /* Frameworks */ = {
			isa = PBXFrameworksBuildPhase;
			buildActionMask = 2147483647;
			files = (
			);
			runOnlyForDeploymentPostprocessing = 0;
		};
		E2ADC21521C698AF00719490 /* Frameworks */ = {
			isa = PBXFrameworksBuildPhase;
			buildActionMask = 2147483647;
			files = (
			);
			runOnlyForDeploymentPostprocessing = 0;
		};
		E2ADC22021C698AF00719490 /* Frameworks */ = {
			isa = PBXFrameworksBuildPhase;
			buildActionMask = 2147483647;
			files = (
			);
			runOnlyForDeploymentPostprocessing = 0;
		};
/* End PBXFrameworksBuildPhase section */

/* Begin PBXGroup section */
		E2ADC1FB21C698AD00719490 = {
			isa = PBXGroup;
			children = (
				E2ADC20621C698AE00719490 /* InstaMovies */,
				E2ADC21B21C698AF00719490 /* InstaMoviesTests */,
				E2ADC22621C698AF00719490 /* InstaMoviesUITests */,
				E2ADC20521C698AE00719490 /* Products */,
			);
			sourceTree = "<group>";
		};
		E2ADC20521C698AE00719490 /* Products */ = {
			isa = PBXGroup;
			children = (
				E2ADC20421C698AE00719490 /* InstaMovies.app */,
				E2ADC21821C698AF00719490 /* InstaMoviesTests.xctest */,
				E2ADC22321C698AF00719490 /* InstaMoviesUITests.xctest */,
			);
			name = Products;
			sourceTree = "<group>";
		};
		E2ADC20621C698AE00719490 /* InstaMovies */ = {
			isa = PBXGroup;
			children = (
				E2ADC27A21C69D2A00719490 /* Shared Components */,
				E2ADC27921C69D0500719490 /* App Components */,
				E2ADC21321C698AF00719490 /* Info.plist */,
			);
			path = InstaMovies;
			sourceTree = "<group>";
		};
		E2ADC21B21C698AF00719490 /* InstaMoviesTests */ = {
			isa = PBXGroup;
			children = (
				E2DE9DFD21CA205900610E7D /* BaseModuleTest.swift */,
				E2DE9DFC21CA1FE400610E7D /* Modules */,
				E2DE9E0021CA44D500610E7D /* Mocks */,
				E2ADC21E21C698AF00719490 /* Info.plist */,
			);
			path = InstaMoviesTests;
			sourceTree = "<group>";
		};
		E2ADC22621C698AF00719490 /* InstaMoviesUITests */ = {
			isa = PBXGroup;
			children = (
				E2ADC22721C698AF00719490 /* InstaMoviesUITests.swift */,
				E2ADC22921C698AF00719490 /* Info.plist */,
			);
			path = InstaMoviesUITests;
			sourceTree = "<group>";
		};
		E2ADC23521C698BA00719490 /* Networking */ = {
			isa = PBXGroup;
			children = (
				E2ADC25C21C6994C00719490 /* Request */,
				E2ADC25F21C6994C00719490 /* RequestHandler */,
				E2ADC26121C6994C00719490 /* Response */,
			);
			path = Networking;
			sourceTree = "<group>";
		};
		E2ADC25C21C6994C00719490 /* Request */ = {
			isa = PBXGroup;
			children = (
				E2ADC25D21C6994C00719490 /* ServerPaths.swift */,
				E2ADC25E21C6994C00719490 /* URLRequestBuilder.swift */,
			);
			path = Request;
			sourceTree = "<group>";
		};
		E2ADC25F21C6994C00719490 /* RequestHandler */ = {
			isa = PBXGroup;
			children = (
				E2ADC26021C6994C00719490 /* RequestHandler.swift */,
			);
			path = RequestHandler;
			sourceTree = "<group>";
		};
		E2ADC26121C6994C00719490 /* Response */ = {
			isa = PBXGroup;
			children = (
				E2ADC26521C6999900719490 /* APIErrors.swift */,
				E2ADC26821C6999A00719490 /* CodableInit.swift */,
				E2ADC26621C6999900719490 /* ResponseHandler.swift */,
				E2ADC26721C6999A00719490 /* ServerResponse.swift */,
			);
			path = Response;
			sourceTree = "<group>";
		};
		E2ADC26F21C69AD600719490 /* Extensions */ = {
			isa = PBXGroup;
			children = (
				E2ADC27321C69BF000719490 /* Networking */,
				E2ADC2B121C6B92F00719490 /* Reachability.swift */,
				E2D7663821C87B6D001E8177 /* UIView.swift */,
				E2D7662E21C86E2B001E8177 /* UIView+UIActivityIndicator.swift */,
				E2D7664221C923DA001E8177 /* Dynamic.swift */,
			);
			path = Extensions;
			sourceTree = "<group>";
		};
		E2ADC27321C69BF000719490 /* Networking */ = {
			isa = PBXGroup;
			children = (
				E2ADC27421C69C0200719490 /* Codable+Helpers.swift */,
			);
			path = Networking;
			sourceTree = "<group>";
		};
		E2ADC27621C69C1600719490 /* Models */ = {
			isa = PBXGroup;
			children = (
				E2ADC27721C69C8500719490 /* MoviesDiscoveryResponse.swift */,
			);
			path = Models;
			sourceTree = "<group>";
		};
		E2ADC27921C69D0500719490 /* App Components */ = {
			isa = PBXGroup;
			children = (
				E2ADC29821C6A9A900719490 /* Base */,
				E2ADC28621C6A22400719490 /* Discover */,
				E2D7664721C95D22001E8177 /* Add New Movie */,
				E2ADC27C21C69DCC00719490 /* MainTabBarController */,
			);
			path = "App Components";
			sourceTree = "<group>";
		};
		E2ADC27A21C69D2A00719490 /* Shared Components */ = {
			isa = PBXGroup;
			children = (
				E2DE9E1021CB04DF00610E7D /* Classes */,
				E2D7665B21C98DE4001E8177 /* Utils */,
				E2D7664F21C96307001E8177 /* CustomViews */,
				E2ADC2B721C6C62B00719490 /* Keys */,
				E2ADC29421C6A40900719490 /* Externals */,
				E2ADC27F21C69E2800719490 /* Protocols */,
				E2ADC27B21C69D4A00719490 /* AppAssets */,
				E2ADC27621C69C1600719490 /* Models */,
				E2ADC26F21C69AD600719490 /* Extensions */,
				E2ADC23521C698BA00719490 /* Networking */,
			);
			path = "Shared Components";
			sourceTree = "<group>";
		};
		E2ADC27B21C69D4A00719490 /* AppAssets */ = {
			isa = PBXGroup;
			children = (
				E2ADC20721C698AE00719490 /* AppDelegate.swift */,
				E2ADC20E21C698AF00719490 /* Assets.xcassets */,
				E2ADC21021C698AF00719490 /* LaunchScreen.storyboard */,
			);
			path = AppAssets;
			sourceTree = "<group>";
		};
		E2ADC27C21C69DCC00719490 /* MainTabBarController */ = {
			isa = PBXGroup;
			children = (
				E2ADC27D21C69DF000719490 /* MainTabBarController.swift */,
				E2ADC28421C69F8C00719490 /* MainTabBarIcons.xcassets */,
			);
			path = MainTabBarController;
			sourceTree = "<group>";
		};
		E2ADC27F21C69E2800719490 /* Protocols */ = {
			isa = PBXGroup;
			children = (
				E2ADC28021C69E5300719490 /* ReusableView.swift */,
				E2ADC28221C69F1F00719490 /* NibNameProtocol.swift */,
			);
			path = Protocols;
			sourceTree = "<group>";
		};
		E2ADC28621C6A22400719490 /* Discover */ = {
			isa = PBXGroup;
			children = (
				E2D7663121C871AA001E8177 /* Cells */,
				E2D7663021C8719C001E8177 /* Xib */,
				E2ADC2C221C6DB4100719490 /* Network */,
				E2ADC28721C6A24200719490 /* DiscoverViewController.swift */,
				E2D7663E21C91EF2001E8177 /* DiscoverViewModel.swift */,
				E2D7664021C91EFD001E8177 /* DiscoverInteractor.swift */,
			);
			path = Discover;
			sourceTree = "<group>";
		};
		E2ADC29421C6A40900719490 /* Externals */ = {
			isa = PBXGroup;
			children = (
				E2ADC29721C6A86700719490 /* Router */,
			);
			path = Externals;
			sourceTree = "<group>";
		};
		E2ADC29721C6A86700719490 /* Router */ = {
			isa = PBXGroup;
			children = (
				E2ADC29521C6A58700719490 /* Router.swift */,
				E2ADC28D21C6A32100719490 /* Router Protocol.swift */,
			);
			path = Router;
			sourceTree = "<group>";
		};
		E2ADC29821C6A9A900719490 /* Base */ = {
			isa = PBXGroup;
			children = (
				E2ADC2AE21C6B78200719490 /* Validators */,
				E2ADC29921C6A9B400719490 /* BaseViewController.swift */,
				E2D7663A21C91D3E001E8177 /* BaseViewModel.swift */,
				E2D7663C21C91D58001E8177 /* BaseInteractor.swift */,
				E2ADC2A021C6AAFC00719490 /* BaseService.swift */,
			);
			path = Base;
			sourceTree = "<group>";
		};
		E2ADC2AE21C6B78200719490 /* Validators */ = {
			isa = PBXGroup;
			children = (
				E2ADC2AC21C6B74500719490 /* BaseValidator.swift */,
				E2ADC2AF21C6B85400719490 /* ReachabilityValidator.swift */,
				E2ADC2B321C6BA4F00719490 /* ValidationErrors.swift */,
			);
			path = Validators;
			sourceTree = "<group>";
		};
		E2ADC2B721C6C62B00719490 /* Keys */ = {
			isa = PBXGroup;
			children = (
				E2ADC2B821C6C63600719490 /* Keys.swift */,
			);
			path = Keys;
			sourceTree = "<group>";
		};
		E2ADC2C221C6DB4100719490 /* Network */ = {
			isa = PBXGroup;
			children = (
				E2ADC2B521C6C20000719490 /* DiscoverService.swift */,
			);
			path = Network;
			sourceTree = "<group>";
		};
		E2D7663021C8719C001E8177 /* Xib */ = {
			isa = PBXGroup;
			children = (
				E2ADC28821C6A24200719490 /* DiscoverViewController.xib */,
				E2D7663321C871C2001E8177 /* MovieCell.xib */,
				E2D7665321C96ACC001E8177 /* AddNewMovieViewController.xib */,
			);
			path = Xib;
			sourceTree = "<group>";
		};
		E2D7663121C871AA001E8177 /* Cells */ = {
			isa = PBXGroup;
			children = (
				E2D7663221C871C2001E8177 /* MovieCell.swift */,
			);
			path = Cells;
			sourceTree = "<group>";
		};
		E2D7664721C95D22001E8177 /* Add New Movie */ = {
			isa = PBXGroup;
			children = (
				E2D7665621C9794F001E8177 /* Validators */,
				E2D7665221C96ACC001E8177 /* AddNewMovieViewController.swift */,
				E2D7664821C95DAE001E8177 /* AddNewMovieViewModel.swift */,
				E2D7664A21C95DBE001E8177 /* AddNewMovieInteractor.swift */,
			);
			path = "Add New Movie";
			sourceTree = "<group>";
		};
		E2D7664F21C96307001E8177 /* CustomViews */ = {
			isa = PBXGroup;
			children = (
				E2D7665021C9631F001E8177 /* RoundedTextView.swift */,
			);
			path = CustomViews;
			sourceTree = "<group>";
		};
		E2D7665621C9794F001E8177 /* Validators */ = {
			isa = PBXGroup;
			children = (
				E2D7665721C97978001E8177 /* EmptyValueValidator.swift */,
			);
			path = Validators;
			sourceTree = "<group>";
		};
		E2D7665B21C98DE4001E8177 /* Utils */ = {
			isa = PBXGroup;
			children = (
				E2D7665921C98DDE001E8177 /* KeyboardLayoutConstraint.swift */,
			);
			path = Utils;
			sourceTree = "<group>";
		};
		E2DE9DFC21CA1FE400610E7D /* Modules */ = {
			isa = PBXGroup;
			children = (
				E2DE9DFF21CA270400610E7D /* Discover */,
				E2DE9E0F21CAFD5300610E7D /* Add New Movie */,
			);
			path = Modules;
			sourceTree = "<group>";
		};
		E2DE9DFF21CA270400610E7D /* Discover */ = {
			isa = PBXGroup;
			children = (
				E2DE9E0321CA45DE00610E7D /* DiscoverModuleTest.swift */,
			);
			path = Discover;
			sourceTree = "<group>";
		};
		E2DE9E0021CA44D500610E7D /* Mocks */ = {
			isa = PBXGroup;
			children = (
				E2DE9E0121CA44EE00610E7D /* RouterMock.swift */,
			);
			path = Mocks;
			sourceTree = "<group>";
		};
		E2DE9E0F21CAFD5300610E7D /* Add New Movie */ = {
			isa = PBXGroup;
			children = (
				E2DE9E0D21CAB82200610E7D /* AddNewMovieModuleTest.swift */,
			);
			path = "Add New Movie";
			sourceTree = "<group>";
		};
		E2DE9E1021CB04DF00610E7D /* Classes */ = {
			isa = PBXGroup;
			children = (
				E2DE9E1121CB04FB00610E7D /* ImagesManager.swift */,
			);
			path = Classes;
			sourceTree = "<group>";
		};
/* End PBXGroup section */

/* Begin PBXNativeTarget section */
		E2ADC20321C698AE00719490 /* InstaMovies */ = {
			isa = PBXNativeTarget;
			buildConfigurationList = E2ADC22C21C698AF00719490 /* Build configuration list for PBXNativeTarget "InstaMovies" */;
			buildPhases = (
				E2ADC20021C698AE00719490 /* Sources */,
				E2ADC20121C698AE00719490 /* Frameworks */,
				E2ADC20221C698AE00719490 /* Resources */,
			);
			buildRules = (
			);
			dependencies = (
			);
			name = InstaMovies;
			productName = InstaMovies;
			productReference = E2ADC20421C698AE00719490 /* InstaMovies.app */;
			productType = "com.apple.product-type.application";
		};
		E2ADC21721C698AF00719490 /* InstaMoviesTests */ = {
			isa = PBXNativeTarget;
			buildConfigurationList = E2ADC22F21C698AF00719490 /* Build configuration list for PBXNativeTarget "InstaMoviesTests" */;
			buildPhases = (
				E2ADC21421C698AF00719490 /* Sources */,
				E2ADC21521C698AF00719490 /* Frameworks */,
				E2ADC21621C698AF00719490 /* Resources */,
			);
			buildRules = (
			);
			dependencies = (
				E2ADC21A21C698AF00719490 /* PBXTargetDependency */,
			);
			name = InstaMoviesTests;
			productName = InstaMoviesTests;
			productReference = E2ADC21821C698AF00719490 /* InstaMoviesTests.xctest */;
			productType = "com.apple.product-type.bundle.unit-test";
		};
		E2ADC22221C698AF00719490 /* InstaMoviesUITests */ = {
			isa = PBXNativeTarget;
			buildConfigurationList = E2ADC23221C698AF00719490 /* Build configuration list for PBXNativeTarget "InstaMoviesUITests" */;
			buildPhases = (
				E2ADC21F21C698AF00719490 /* Sources */,
				E2ADC22021C698AF00719490 /* Frameworks */,
				E2ADC22121C698AF00719490 /* Resources */,
			);
			buildRules = (
			);
			dependencies = (
				E2ADC22521C698AF00719490 /* PBXTargetDependency */,
			);
			name = InstaMoviesUITests;
			productName = InstaMoviesUITests;
			productReference = E2ADC22321C698AF00719490 /* InstaMoviesUITests.xctest */;
			productType = "com.apple.product-type.bundle.ui-testing";
		};
/* End PBXNativeTarget section */

/* Begin PBXProject section */
		E2ADC1FC21C698AE00719490 /* Project object */ = {
			isa = PBXProject;
			attributes = {
				LastSwiftUpdateCheck = 1010;
				LastUpgradeCheck = 1010;
				ORGANIZATIONNAME = "Ahmed Ramy";
				TargetAttributes = {
					E2ADC20321C698AE00719490 = {
						CreatedOnToolsVersion = 10.1;
						LastSwiftMigration = 1010;
					};
					E2ADC21721C698AF00719490 = {
						CreatedOnToolsVersion = 10.1;
						TestTargetID = E2ADC20321C698AE00719490;
					};
					E2ADC22221C698AF00719490 = {
						CreatedOnToolsVersion = 10.1;
						TestTargetID = E2ADC20321C698AE00719490;
					};
				};
			};
			buildConfigurationList = E2ADC1FF21C698AE00719490 /* Build configuration list for PBXProject "InstaMovies" */;
			compatibilityVersion = "Xcode 9.3";
			developmentRegion = en;
			hasScannedForEncodings = 0;
			knownRegions = (
				en,
				Base,
			);
			mainGroup = E2ADC1FB21C698AD00719490;
			productRefGroup = E2ADC20521C698AE00719490 /* Products */;
			projectDirPath = "";
			projectRoot = "";
			targets = (
				E2ADC20321C698AE00719490 /* InstaMovies */,
				E2ADC21721C698AF00719490 /* InstaMoviesTests */,
				E2ADC22221C698AF00719490 /* InstaMoviesUITests */,
			);
		};
/* End PBXProject section */

/* Begin PBXResourcesBuildPhase section */
		E2ADC20221C698AE00719490 /* Resources */ = {
			isa = PBXResourcesBuildPhase;
			buildActionMask = 2147483647;
			files = (
				E2D7665521C96ACC001E8177 /* AddNewMovieViewController.xib in Resources */,
				E2ADC21221C698AF00719490 /* LaunchScreen.storyboard in Resources */,
				E2ADC28A21C6A24200719490 /* DiscoverViewController.xib in Resources */,
				E2ADC28521C69F8C00719490 /* MainTabBarIcons.xcassets in Resources */,
				E2ADC20F21C698AF00719490 /* Assets.xcassets in Resources */,
				E2D7663521C871C2001E8177 /* MovieCell.xib in Resources */,
			);
			runOnlyForDeploymentPostprocessing = 0;
		};
		E2ADC21621C698AF00719490 /* Resources */ = {
			isa = PBXResourcesBuildPhase;
			buildActionMask = 2147483647;
			files = (
			);
			runOnlyForDeploymentPostprocessing = 0;
		};
		E2ADC22121C698AF00719490 /* Resources */ = {
			isa = PBXResourcesBuildPhase;
			buildActionMask = 2147483647;
			files = (
			);
			runOnlyForDeploymentPostprocessing = 0;
		};
/* End PBXResourcesBuildPhase section */

/* Begin PBXSourcesBuildPhase section */
		E2ADC20021C698AE00719490 /* Sources */ = {
			isa = PBXSourcesBuildPhase;
			buildActionMask = 2147483647;
			files = (
				E2ADC26421C6994C00719490 /* RequestHandler.swift in Sources */,
				E2D7663421C871C2001E8177 /* MovieCell.swift in Sources */,
				E2ADC2AD21C6B74500719490 /* BaseValidator.swift in Sources */,
				E2D7663921C87B6D001E8177 /* UIView.swift in Sources */,
				E2ADC27521C69C0200719490 /* Codable+Helpers.swift in Sources */,
				E2D7662F21C86E2B001E8177 /* UIView+UIActivityIndicator.swift in Sources */,
				E2ADC26C21C6999A00719490 /* CodableInit.swift in Sources */,
				E2D7665121C9631F001E8177 /* RoundedTextView.swift in Sources */,
				E2ADC26321C6994C00719490 /* URLRequestBuilder.swift in Sources */,
				E2ADC29A21C6A9B400719490 /* BaseViewController.swift in Sources */,
				E2ADC28921C6A24200719490 /* DiscoverViewController.swift in Sources */,
				E2D7665421C96ACC001E8177 /* AddNewMovieViewController.swift in Sources */,
				E2D7665821C97978001E8177 /* EmptyValueValidator.swift in Sources */,
				E2D7664921C95DAE001E8177 /* AddNewMovieViewModel.swift in Sources */,
				E2D7663B21C91D3E001E8177 /* BaseViewModel.swift in Sources */,
				E2ADC28121C69E5300719490 /* ReusableView.swift in Sources */,
				E2ADC26221C6994C00719490 /* ServerPaths.swift in Sources */,
				E2DE9E1221CB04FB00610E7D /* ImagesManager.swift in Sources */,
				E2ADC2B921C6C63600719490 /* Keys.swift in Sources */,
				E2D7664121C91EFD001E8177 /* DiscoverInteractor.swift in Sources */,
				E2ADC27821C69C8500719490 /* MoviesDiscoveryResponse.swift in Sources */,
				E2ADC2B221C6B92F00719490 /* Reachability.swift in Sources */,
				E2ADC2A121C6AAFC00719490 /* BaseService.swift in Sources */,
				E2ADC27E21C69DF000719490 /* MainTabBarController.swift in Sources */,
				E2ADC29621C6A58700719490 /* Router.swift in Sources */,
				E2ADC28E21C6A32100719490 /* Router Protocol.swift in Sources */,
				E2ADC20821C698AE00719490 /* AppDelegate.swift in Sources */,
				E2D7665A21C98DDE001E8177 /* KeyboardLayoutConstraint.swift in Sources */,
				E2ADC28321C69F1F00719490 /* NibNameProtocol.swift in Sources */,
				E2D7664B21C95DBE001E8177 /* AddNewMovieInteractor.swift in Sources */,
				E2ADC2B621C6C20000719490 /* DiscoverService.swift in Sources */,
				E2ADC26B21C6999A00719490 /* ServerResponse.swift in Sources */,
				E2ADC26921C6999A00719490 /* APIErrors.swift in Sources */,
				E2D7664321C923DA001E8177 /* Dynamic.swift in Sources */,
				E2ADC2B021C6B85400719490 /* ReachabilityValidator.swift in Sources */,
				E2ADC2B421C6BA4F00719490 /* ValidationErrors.swift in Sources */,
				E2D7663F21C91EF2001E8177 /* DiscoverViewModel.swift in Sources */,
				E2ADC26A21C6999A00719490 /* ResponseHandler.swift in Sources */,
				E2D7663D21C91D58001E8177 /* BaseInteractor.swift in Sources */,
			);
			runOnlyForDeploymentPostprocessing = 0;
		};
		E2ADC21421C698AF00719490 /* Sources */ = {
			isa = PBXSourcesBuildPhase;
			buildActionMask = 2147483647;
			files = (
				E2DE9E0421CA45DE00610E7D /* DiscoverModuleTest.swift in Sources */,
				E2DE9E0221CA44EE00610E7D /* RouterMock.swift in Sources */,
				E2DE9DFE21CA205A00610E7D /* BaseModuleTest.swift in Sources */,
				E2DE9E0E21CAB82200610E7D /* AddNewMovieModuleTest.swift in Sources */,
			);
			runOnlyForDeploymentPostprocessing = 0;
		};
		E2ADC21F21C698AF00719490 /* Sources */ = {
			isa = PBXSourcesBuildPhase;
			buildActionMask = 2147483647;
			files = (
				E2ADC22821C698AF00719490 /* InstaMoviesUITests.swift in Sources */,
			);
			runOnlyForDeploymentPostprocessing = 0;
		};
/* End PBXSourcesBuildPhase section */

/* Begin PBXTargetDependency section */
		E2ADC21A21C698AF00719490 /* PBXTargetDependency */ = {
			isa = PBXTargetDependency;
			target = E2ADC20321C698AE00719490 /* InstaMovies */;
			targetProxy = E2ADC21921C698AF00719490 /* PBXContainerItemProxy */;
		};
		E2ADC22521C698AF00719490 /* PBXTargetDependency */ = {
			isa = PBXTargetDependency;
			target = E2ADC20321C698AE00719490 /* InstaMovies */;
			targetProxy = E2ADC22421C698AF00719490 /* PBXContainerItemProxy */;
		};
/* End PBXTargetDependency section */

/* Begin PBXVariantGroup section */
		E2ADC21021C698AF00719490 /* LaunchScreen.storyboard */ = {
			isa = PBXVariantGroup;
			children = (
				E2ADC21121C698AF00719490 /* Base */,
			);
			name = LaunchScreen.storyboard;
			sourceTree = "<group>";
		};
/* End PBXVariantGroup section */

/* Begin XCBuildConfiguration section */
		E2ADC22A21C698AF00719490 /* Debug */ = {
			isa = XCBuildConfiguration;
			buildSettings = {
				ALWAYS_SEARCH_USER_PATHS = NO;
				CLANG_ANALYZER_NONNULL = YES;
				CLANG_ANALYZER_NUMBER_OBJECT_CONVERSION = YES_AGGRESSIVE;
				CLANG_CXX_LANGUAGE_STANDARD = "gnu++14";
				CLANG_CXX_LIBRARY = "libc++";
				CLANG_ENABLE_MODULES = YES;
				CLANG_ENABLE_OBJC_ARC = YES;
				CLANG_ENABLE_OBJC_WEAK = YES;
				CLANG_WARN_BLOCK_CAPTURE_AUTORELEASING = YES;
				CLANG_WARN_BOOL_CONVERSION = YES;
				CLANG_WARN_COMMA = YES;
				CLANG_WARN_CONSTANT_CONVERSION = YES;
				CLANG_WARN_DEPRECATED_OBJC_IMPLEMENTATIONS = YES;
				CLANG_WARN_DIRECT_OBJC_ISA_USAGE = YES_ERROR;
				CLANG_WARN_DOCUMENTATION_COMMENTS = YES;
				CLANG_WARN_EMPTY_BODY = YES;
				CLANG_WARN_ENUM_CONVERSION = YES;
				CLANG_WARN_INFINITE_RECURSION = YES;
				CLANG_WARN_INT_CONVERSION = YES;
				CLANG_WARN_NON_LITERAL_NULL_CONVERSION = YES;
				CLANG_WARN_OBJC_IMPLICIT_RETAIN_SELF = YES;
				CLANG_WARN_OBJC_LITERAL_CONVERSION = YES;
				CLANG_WARN_OBJC_ROOT_CLASS = YES_ERROR;
				CLANG_WARN_RANGE_LOOP_ANALYSIS = YES;
				CLANG_WARN_STRICT_PROTOTYPES = YES;
				CLANG_WARN_SUSPICIOUS_MOVE = YES;
				CLANG_WARN_UNGUARDED_AVAILABILITY = YES_AGGRESSIVE;
				CLANG_WARN_UNREACHABLE_CODE = YES;
				CLANG_WARN__DUPLICATE_METHOD_MATCH = YES;
				CODE_SIGN_IDENTITY = "iPhone Developer";
				COPY_PHASE_STRIP = NO;
				DEBUG_INFORMATION_FORMAT = dwarf;
				ENABLE_STRICT_OBJC_MSGSEND = YES;
				ENABLE_TESTABILITY = YES;
				GCC_C_LANGUAGE_STANDARD = gnu11;
				GCC_DYNAMIC_NO_PIC = NO;
				GCC_NO_COMMON_BLOCKS = YES;
				GCC_OPTIMIZATION_LEVEL = 0;
				GCC_PREPROCESSOR_DEFINITIONS = (
					"DEBUG=1",
					"$(inherited)",
				);
				GCC_WARN_64_TO_32_BIT_CONVERSION = YES;
				GCC_WARN_ABOUT_RETURN_TYPE = YES_ERROR;
				GCC_WARN_UNDECLARED_SELECTOR = YES;
				GCC_WARN_UNINITIALIZED_AUTOS = YES_AGGRESSIVE;
				GCC_WARN_UNUSED_FUNCTION = YES;
				GCC_WARN_UNUSED_VARIABLE = YES;
				IPHONEOS_DEPLOYMENT_TARGET = 12.1;
				MTL_ENABLE_DEBUG_INFO = INCLUDE_SOURCE;
				MTL_FAST_MATH = YES;
				ONLY_ACTIVE_ARCH = YES;
				SDKROOT = iphoneos;
				SWIFT_ACTIVE_COMPILATION_CONDITIONS = DEBUG;
				SWIFT_OPTIMIZATION_LEVEL = "-Onone";
			};
			name = Debug;
		};
		E2ADC22B21C698AF00719490 /* Release */ = {
			isa = XCBuildConfiguration;
			buildSettings = {
				ALWAYS_SEARCH_USER_PATHS = NO;
				CLANG_ANALYZER_NONNULL = YES;
				CLANG_ANALYZER_NUMBER_OBJECT_CONVERSION = YES_AGGRESSIVE;
				CLANG_CXX_LANGUAGE_STANDARD = "gnu++14";
				CLANG_CXX_LIBRARY = "libc++";
				CLANG_ENABLE_MODULES = YES;
				CLANG_ENABLE_OBJC_ARC = YES;
				CLANG_ENABLE_OBJC_WEAK = YES;
				CLANG_WARN_BLOCK_CAPTURE_AUTORELEASING = YES;
				CLANG_WARN_BOOL_CONVERSION = YES;
				CLANG_WARN_COMMA = YES;
				CLANG_WARN_CONSTANT_CONVERSION = YES;
				CLANG_WARN_DEPRECATED_OBJC_IMPLEMENTATIONS = YES;
				CLANG_WARN_DIRECT_OBJC_ISA_USAGE = YES_ERROR;
				CLANG_WARN_DOCUMENTATION_COMMENTS = YES;
				CLANG_WARN_EMPTY_BODY = YES;
				CLANG_WARN_ENUM_CONVERSION = YES;
				CLANG_WARN_INFINITE_RECURSION = YES;
				CLANG_WARN_INT_CONVERSION = YES;
				CLANG_WARN_NON_LITERAL_NULL_CONVERSION = YES;
				CLANG_WARN_OBJC_IMPLICIT_RETAIN_SELF = YES;
				CLANG_WARN_OBJC_LITERAL_CONVERSION = YES;
				CLANG_WARN_OBJC_ROOT_CLASS = YES_ERROR;
				CLANG_WARN_RANGE_LOOP_ANALYSIS = YES;
				CLANG_WARN_STRICT_PROTOTYPES = YES;
				CLANG_WARN_SUSPICIOUS_MOVE = YES;
				CLANG_WARN_UNGUARDED_AVAILABILITY = YES_AGGRESSIVE;
				CLANG_WARN_UNREACHABLE_CODE = YES;
				CLANG_WARN__DUPLICATE_METHOD_MATCH = YES;
				CODE_SIGN_IDENTITY = "iPhone Developer";
				COPY_PHASE_STRIP = NO;
				DEBUG_INFORMATION_FORMAT = "dwarf-with-dsym";
				ENABLE_NS_ASSERTIONS = NO;
				ENABLE_STRICT_OBJC_MSGSEND = YES;
				GCC_C_LANGUAGE_STANDARD = gnu11;
				GCC_NO_COMMON_BLOCKS = YES;
				GCC_WARN_64_TO_32_BIT_CONVERSION = YES;
				GCC_WARN_ABOUT_RETURN_TYPE = YES_ERROR;
				GCC_WARN_UNDECLARED_SELECTOR = YES;
				GCC_WARN_UNINITIALIZED_AUTOS = YES_AGGRESSIVE;
				GCC_WARN_UNUSED_FUNCTION = YES;
				GCC_WARN_UNUSED_VARIABLE = YES;
				IPHONEOS_DEPLOYMENT_TARGET = 12.1;
				MTL_ENABLE_DEBUG_INFO = NO;
				MTL_FAST_MATH = YES;
				SDKROOT = iphoneos;
				SWIFT_COMPILATION_MODE = wholemodule;
				SWIFT_OPTIMIZATION_LEVEL = "-O";
				VALIDATE_PRODUCT = YES;
			};
			name = Release;
		};
		E2ADC22D21C698AF00719490 /* Debug */ = {
			isa = XCBuildConfiguration;
			buildSettings = {
				ASSETCATALOG_COMPILER_APPICON_NAME = AppIcon;
				CLANG_ENABLE_MODULES = YES;
				CODE_SIGN_STYLE = Automatic;
				DEVELOPMENT_TEAM = 969Y6REAB6;
				INFOPLIST_FILE = InstaMovies/Info.plist;
				IPHONEOS_DEPLOYMENT_TARGET = 11.0;
				LD_RUNPATH_SEARCH_PATHS = (
					"$(inherited)",
					"@executable_path/Frameworks",
				);
				PRODUCT_BUNDLE_IDENTIFIER = com.ARamy23.InstaMovies;
				PRODUCT_NAME = "$(TARGET_NAME)";
				SWIFT_OPTIMIZATION_LEVEL = "-Onone";
				SWIFT_VERSION = 4.2;
				TARGETED_DEVICE_FAMILY = "1,2";
			};
			name = Debug;
		};
		E2ADC22E21C698AF00719490 /* Release */ = {
			isa = XCBuildConfiguration;
			buildSettings = {
				ASSETCATALOG_COMPILER_APPICON_NAME = AppIcon;
				CLANG_ENABLE_MODULES = YES;
				CODE_SIGN_STYLE = Automatic;
				DEVELOPMENT_TEAM = 969Y6REAB6;
				INFOPLIST_FILE = InstaMovies/Info.plist;
				IPHONEOS_DEPLOYMENT_TARGET = 11.0;
				LD_RUNPATH_SEARCH_PATHS = (
					"$(inherited)",
					"@executable_path/Frameworks",
				);
				PRODUCT_BUNDLE_IDENTIFIER = com.ARamy23.InstaMovies;
				PRODUCT_NAME = "$(TARGET_NAME)";
				SWIFT_VERSION = 4.2;
				TARGETED_DEVICE_FAMILY = "1,2";
			};
			name = Release;
		};
		E2ADC23021C698AF00719490 /* Debug */ = {
			isa = XCBuildConfiguration;
			buildSettings = {
				ALWAYS_EMBED_SWIFT_STANDARD_LIBRARIES = YES;
				BUNDLE_LOADER = "$(TEST_HOST)";
				CODE_SIGN_STYLE = Automatic;
				DEVELOPMENT_TEAM = 969Y6REAB6;
				INFOPLIST_FILE = InstaMoviesTests/Info.plist;
				LD_RUNPATH_SEARCH_PATHS = (
					"$(inherited)",
					"@executable_path/Frameworks",
					"@loader_path/Frameworks",
				);
				PRODUCT_BUNDLE_IDENTIFIER = com.ARamy23.InstaMoviesTests;
				PRODUCT_NAME = "$(TARGET_NAME)";
				SWIFT_VERSION = 4.2;
				TARGETED_DEVICE_FAMILY = "1,2";
				TEST_HOST = "$(BUILT_PRODUCTS_DIR)/InstaMovies.app/InstaMovies";
			};
			name = Debug;
		};
		E2ADC23121C698AF00719490 /* Release */ = {
			isa = XCBuildConfiguration;
			buildSettings = {
				ALWAYS_EMBED_SWIFT_STANDARD_LIBRARIES = YES;
				BUNDLE_LOADER = "$(TEST_HOST)";
				CODE_SIGN_STYLE = Automatic;
				DEVELOPMENT_TEAM = 969Y6REAB6;
				INFOPLIST_FILE = InstaMoviesTests/Info.plist;
				LD_RUNPATH_SEARCH_PATHS = (
					"$(inherited)",
					"@executable_path/Frameworks",
					"@loader_path/Frameworks",
				);
				PRODUCT_BUNDLE_IDENTIFIER = com.ARamy23.InstaMoviesTests;
				PRODUCT_NAME = "$(TARGET_NAME)";
				SWIFT_VERSION = 4.2;
				TARGETED_DEVICE_FAMILY = "1,2";
				TEST_HOST = "$(BUILT_PRODUCTS_DIR)/InstaMovies.app/InstaMovies";
			};
			name = Release;
		};
		E2ADC23321C698AF00719490 /* Debug */ = {
			isa = XCBuildConfiguration;
			buildSettings = {
				ALWAYS_EMBED_SWIFT_STANDARD_LIBRARIES = YES;
				CODE_SIGN_STYLE = Automatic;
				DEVELOPMENT_TEAM = 969Y6REAB6;
				INFOPLIST_FILE = InstaMoviesUITests/Info.plist;
				LD_RUNPATH_SEARCH_PATHS = (
					"$(inherited)",
					"@executable_path/Frameworks",
					"@loader_path/Frameworks",
				);
				PRODUCT_BUNDLE_IDENTIFIER = com.ARamy23.InstaMoviesUITests;
				PRODUCT_NAME = "$(TARGET_NAME)";
				SWIFT_VERSION = 4.2;
				TARGETED_DEVICE_FAMILY = "1,2";
				TEST_TARGET_NAME = InstaMovies;
			};
			name = Debug;
		};
		E2ADC23421C698AF00719490 /* Release */ = {
			isa = XCBuildConfiguration;
			buildSettings = {
				ALWAYS_EMBED_SWIFT_STANDARD_LIBRARIES = YES;
				CODE_SIGN_STYLE = Automatic;
				DEVELOPMENT_TEAM = 969Y6REAB6;
				INFOPLIST_FILE = InstaMoviesUITests/Info.plist;
				LD_RUNPATH_SEARCH_PATHS = (
					"$(inherited)",
					"@executable_path/Frameworks",
					"@loader_path/Frameworks",
				);
				PRODUCT_BUNDLE_IDENTIFIER = com.ARamy23.InstaMoviesUITests;
				PRODUCT_NAME = "$(TARGET_NAME)";
				SWIFT_VERSION = 4.2;
				TARGETED_DEVICE_FAMILY = "1,2";
				TEST_TARGET_NAME = InstaMovies;
			};
			name = Release;
		};
/* End XCBuildConfiguration section */

/* Begin XCConfigurationList section */
		E2ADC1FF21C698AE00719490 /* Build configuration list for PBXProject "InstaMovies" */ = {
			isa = XCConfigurationList;
			buildConfigurations = (
				E2ADC22A21C698AF00719490 /* Debug */,
				E2ADC22B21C698AF00719490 /* Release */,
			);
			defaultConfigurationIsVisible = 0;
			defaultConfigurationName = Release;
		};
		E2ADC22C21C698AF00719490 /* Build configuration list for PBXNativeTarget "InstaMovies" */ = {
			isa = XCConfigurationList;
			buildConfigurations = (
				E2ADC22D21C698AF00719490 /* Debug */,
				E2ADC22E21C698AF00719490 /* Release */,
			);
			defaultConfigurationIsVisible = 0;
			defaultConfigurationName = Release;
		};
		E2ADC22F21C698AF00719490 /* Build configuration list for PBXNativeTarget "InstaMoviesTests" */ = {
			isa = XCConfigurationList;
			buildConfigurations = (
				E2ADC23021C698AF00719490 /* Debug */,
				E2ADC23121C698AF00719490 /* Release */,
			);
			defaultConfigurationIsVisible = 0;
			defaultConfigurationName = Release;
		};
		E2ADC23221C698AF00719490 /* Build configuration list for PBXNativeTarget "InstaMoviesUITests" */ = {
			isa = XCConfigurationList;
			buildConfigurations = (
				E2ADC23321C698AF00719490 /* Debug */,
				E2ADC23421C698AF00719490 /* Release */,
			);
			defaultConfigurationIsVisible = 0;
			defaultConfigurationName = Release;
		};
/* End XCConfigurationList section */
	};
	rootObject = E2ADC1FC21C698AE00719490 /* Project object */;
}
